
Microsoft Visual Studio Solution File, Format Version 12.00
# Visual Studio Version 17
VisualStudioVersion = 17.12.35309.182
MinimumVisualStudioVersion = 10.0.40219.1
Project("{FAE04EC0-301F-11D3-BF4B-00C04F79EFBC}") = "TiketBooking.Web", "TiketBooking.Web\TiketBooking.Web.csproj", "{C4645B68-1487-4716-B302-587F18F1D1D7}"
EndProject
Project("{FAE04EC0-301F-11D3-BF4B-00C04F79EFBC}") = "TicketBooking.Repositories", "TicketBooking.Repositories\TicketBooking.Repositories.csproj", "{1138D038-59A3-49F8-90D6-F7391E047634}"
EndProject
Project("{FAE04EC0-301F-11D3-BF4B-00C04F79EFBC}") = "TicketBooking.Entities", "TicketBooking.Entities\TicketBooking.Entities.csproj", "{0CD632F1-E283-4666-89CA-B37E5E3A1D7F}"
EndProject
Global
	GlobalSection(SolutionConfigurationPlatforms) = preSolution
		Debug|Any CPU = Debug|Any CPU
		Release|Any CPU = Release|Any CPU
	EndGlobalSection
	GlobalSection(ProjectConfigurationPlatforms) = postSolution
		{C4645B68-1487-4716-B302-587F18F1D1D7}.Debug|Any CPU.ActiveCfg = Debug|Any CPU
		{C4645B68-1487-4716-B302-587F18F1D1D7}.Debug|Any CPU.Build.0 = Debug|Any CPU
		{C4645B68-1487-4716-B302-587F18F1D1D7}.Release|Any CPU.ActiveCfg = Release|Any CPU
		{C4645B68-1487-4716-B302-587F18F1D1D7}.Release|Any CPU.Build.0 = Release|Any CPU
		{1138D038-59A3-49F8-90D6-F7391E047634}.Debug|Any CPU.ActiveCfg = Debug|Any CPU
		{1138D038-59A3-49F8-90D6-F7391E047634}.Debug|Any CPU.Build.0 = Debug|Any CPU
		{1138D038-59A3-49F8-90D6-F7391E047634}.Release|Any CPU.ActiveCfg = Release|Any CPU
		{1138D038-59A3-49F8-90D6-F7391E047634}.Release|Any CPU.Build.0 = Release|Any CPU
		{0CD632F1-E283-4666-89CA-B37E5E3A1D7F}.Debug|Any CPU.ActiveCfg = Debug|Any CPU
		{0CD632F1-E283-4666-89CA-B37E5E3A1D7F}.Debug|Any CPU.Build.0 = Debug|Any CPU
		{0CD632F1-E283-4666-89CA-B37E5E3A1D7F}.Release|Any CPU.ActiveCfg = Release|Any CPU
		{0CD632F1-E283-4666-89CA-B37E5E3A1D7F}.Release|Any CPU.Build.0 = Release|Any CPU
	EndGlobalSection
	GlobalSection(SolutionProperties) = preSolution
		HideSolutionNode = FALSE
	EndGlobalSection
	GlobalSection(ExtensibilityGlobals) = postSolution
		SolutionGuid = {AAC9F63F-B2E7-4B3C-B7F5-271C4A2B3A26}
	EndGlobalSection
EndGlobal
